
Microsoft Visual Studio Solution File, Format Version 12.00
# Visual Studio Version 16
VisualStudioVersion = 16.0.29209.62
MinimumVisualStudioVersion = 10.0.40219.1
Project("{9A19103F-16F7-4668-BE54-9A1E7A4F7556}") = "LeetCodeProblems", "LeetCodeProblems\LeetCodeProblems.csproj", "{CF911880-02F8-4D19-95FF-C5F7B30727A4}"
EndProject
Project("{9A19103F-16F7-4668-BE54-9A1E7A4F7556}") = "LeetCodeProblems.Tests", "LeetCodeProblems.Tests\LeetCodeProblems.Tests.csproj", "{64563015-4C58-409D-AD02-7AF3F714992A}"
EndProject
Project("{9A19103F-16F7-4668-BE54-9A1E7A4F7556}") = "AlgorithmsAndDataStructures", "AlgorithmsAndDataStructures\AlgorithmsAndDataStructures.csproj", "{C3AE8D6B-E684-48FF-84F2-C7A3BAC32715}"
EndProject
Project("{9A19103F-16F7-4668-BE54-9A1E7A4F7556}") = "AlgorithmsAndDataStructures.Tests", "AlgorithmsAndDataStructures.Tests\AlgorithmsAndDataStructures.Tests.csproj", "{4B0D0E86-3B8F-4BF9-B376-1165F4DA6DB7}"
EndProject
Project("{9A19103F-16F7-4668-BE54-9A1E7A4F7556}") = "TestConsole", "TestConsole\TestConsole.csproj", "{88294C9C-49DE-48C6-B018-F082AD8737A0}"
EndProject
Project("{9A19103F-16F7-4668-BE54-9A1E7A4F7556}") = "CiKu.Domain", "CiKu.CiPaiMing\CiKu.Domain.csproj", "{9EAD4296-5562-4024-B1A1-8DEE05BF5A47}"
EndProject
Project("{9A19103F-16F7-4668-BE54-9A1E7A4F7556}") = "CiKu.CiPaiMing.Tests", "CiKu.CiPaiMing.Tests\CiKu.CiPaiMing.Tests.csproj", "{F103676D-CC04-4F9A-A906-C016F3F8F4E2}"
EndProject
Project("{9A19103F-16F7-4668-BE54-9A1E7A4F7556}") = "CiKu.Infrastructure", "CiKu.Infrastructure\CiKu.Infrastructure.csproj", "{B14BF664-7B83-436B-94B3-2824234776AF}"
EndProject
Project("{9A19103F-16F7-4668-BE54-9A1E7A4F7556}") = "DesignPatterns", "DesignPatterns\DesignPatterns.csproj", "{1C13ACC7-2488-493F-88A4-B9BEFA1653F2}"
EndProject
Project("{9A19103F-16F7-4668-BE54-9A1E7A4F7556}") = "DesignPatterns.Tests", "DesignPatterns.Tests\DesignPatterns.Tests.csproj", "{9010A65B-61F3-4109-934D-97C1B5D7BA9F}"
EndProject
Project("{2150E333-8FDC-42A3-9474-1A3956D46DE8}") = "CiKu", "CiKu", "{A36A26D2-1F58-44C0-90CC-48D2682B508E}"
EndProject
Project("{2150E333-8FDC-42A3-9474-1A3956D46DE8}") = "DddCommon", "DddCommon", "{0E0CF768-E64F-42F3-81B9-0AD952022258}"
EndProject
Project("{FAE04EC0-301F-11D3-BF4B-00C04F79EFBC}") = "DddApplicationCore", "DddApplicationCore\DddApplicationCore.csproj", "{38169970-434C-478E-B69B-5A108CD50E06}"
EndProject
Project("{2150E333-8FDC-42A3-9474-1A3956D46DE8}") = "Infrastructure", "Infrastructure", "{40B364C6-76D8-49BA-AF7A-D23D5E60314D}"
EndProject
Project("{FAE04EC0-301F-11D3-BF4B-00C04F79EFBC}") = "NuGetServer", "NuGetServer\NuGetServer.csproj", "{5A15CD47-A994-4923-871E-58380E1151A3}"
EndProject
Project("{FAE04EC0-301F-11D3-BF4B-00C04F79EFBC}") = "DddInfrastructure", "DddInfrastructure\DddInfrastructure.csproj", "{02E4476F-9748-44A5-AC54-086E063ACCC0}"
EndProject
Global
	GlobalSection(SolutionConfigurationPlatforms) = preSolution
		Debug|Any CPU = Debug|Any CPU
		Release|Any CPU = Release|Any CPU
	EndGlobalSection
	GlobalSection(ProjectConfigurationPlatforms) = postSolution
		{CF911880-02F8-4D19-95FF-C5F7B30727A4}.Debug|Any CPU.ActiveCfg = Debug|Any CPU
		{CF911880-02F8-4D19-95FF-C5F7B30727A4}.Debug|Any CPU.Build.0 = Debug|Any CPU
		{CF911880-02F8-4D19-95FF-C5F7B30727A4}.Release|Any CPU.ActiveCfg = Release|Any CPU
		{CF911880-02F8-4D19-95FF-C5F7B30727A4}.Release|Any CPU.Build.0 = Release|Any CPU
		{64563015-4C58-409D-AD02-7AF3F714992A}.Debug|Any CPU.ActiveCfg = Debug|Any CPU
		{64563015-4C58-409D-AD02-7AF3F714992A}.Debug|Any CPU.Build.0 = Debug|Any CPU
		{64563015-4C58-409D-AD02-7AF3F714992A}.Release|Any CPU.ActiveCfg = Release|Any CPU
		{64563015-4C58-409D-AD02-7AF3F714992A}.Release|Any CPU.Build.0 = Release|Any CPU
		{C3AE8D6B-E684-48FF-84F2-C7A3BAC32715}.Debug|Any CPU.ActiveCfg = Debug|Any CPU
		{C3AE8D6B-E684-48FF-84F2-C7A3BAC32715}.Debug|Any CPU.Build.0 = Debug|Any CPU
		{C3AE8D6B-E684-48FF-84F2-C7A3BAC32715}.Release|Any CPU.ActiveCfg = Release|Any CPU
		{C3AE8D6B-E684-48FF-84F2-C7A3BAC32715}.Release|Any CPU.Build.0 = Release|Any CPU
		{4B0D0E86-3B8F-4BF9-B376-1165F4DA6DB7}.Debug|Any CPU.ActiveCfg = Debug|Any CPU
		{4B0D0E86-3B8F-4BF9-B376-1165F4DA6DB7}.Debug|Any CPU.Build.0 = Debug|Any CPU
		{4B0D0E86-3B8F-4BF9-B376-1165F4DA6DB7}.Release|Any CPU.ActiveCfg = Release|Any CPU
		{4B0D0E86-3B8F-4BF9-B376-1165F4DA6DB7}.Release|Any CPU.Build.0 = Release|Any CPU
		{88294C9C-49DE-48C6-B018-F082AD8737A0}.Debug|Any CPU.ActiveCfg = Debug|Any CPU
		{88294C9C-49DE-48C6-B018-F082AD8737A0}.Debug|Any CPU.Build.0 = Debug|Any CPU
		{88294C9C-49DE-48C6-B018-F082AD8737A0}.Release|Any CPU.ActiveCfg = Release|Any CPU
		{88294C9C-49DE-48C6-B018-F082AD8737A0}.Release|Any CPU.Build.0 = Release|Any CPU
		{9EAD4296-5562-4024-B1A1-8DEE05BF5A47}.Debug|Any CPU.ActiveCfg = Debug|Any CPU
		{9EAD4296-5562-4024-B1A1-8DEE05BF5A47}.Debug|Any CPU.Build.0 = Debug|Any CPU
		{9EAD4296-5562-4024-B1A1-8DEE05BF5A47}.Release|Any CPU.ActiveCfg = Release|Any CPU
		{9EAD4296-5562-4024-B1A1-8DEE05BF5A47}.Release|Any CPU.Build.0 = Release|Any CPU
		{F103676D-CC04-4F9A-A906-C016F3F8F4E2}.Debug|Any CPU.ActiveCfg = Debug|Any CPU
		{F103676D-CC04-4F9A-A906-C016F3F8F4E2}.Debug|Any CPU.Build.0 = Debug|Any CPU
		{F103676D-CC04-4F9A-A906-C016F3F8F4E2}.Release|Any CPU.ActiveCfg = Release|Any CPU
		{F103676D-CC04-4F9A-A906-C016F3F8F4E2}.Release|Any CPU.Build.0 = Release|Any CPU
		{B14BF664-7B83-436B-94B3-2824234776AF}.Debug|Any CPU.ActiveCfg = Debug|Any CPU
		{B14BF664-7B83-436B-94B3-2824234776AF}.Debug|Any CPU.Build.0 = Debug|Any CPU
		{B14BF664-7B83-436B-94B3-2824234776AF}.Release|Any CPU.ActiveCfg = Release|Any CPU
		{B14BF664-7B83-436B-94B3-2824234776AF}.Release|Any CPU.Build.0 = Release|Any CPU
		{1C13ACC7-2488-493F-88A4-B9BEFA1653F2}.Debug|Any CPU.ActiveCfg = Debug|Any CPU
		{1C13ACC7-2488-493F-88A4-B9BEFA1653F2}.Debug|Any CPU.Build.0 = Debug|Any CPU
		{1C13ACC7-2488-493F-88A4-B9BEFA1653F2}.Release|Any CPU.ActiveCfg = Release|Any CPU
		{1C13ACC7-2488-493F-88A4-B9BEFA1653F2}.Release|Any CPU.Build.0 = Release|Any CPU
		{9010A65B-61F3-4109-934D-97C1B5D7BA9F}.Debug|Any CPU.ActiveCfg = Debug|Any CPU
		{9010A65B-61F3-4109-934D-97C1B5D7BA9F}.Debug|Any CPU.Build.0 = Debug|Any CPU
		{9010A65B-61F3-4109-934D-97C1B5D7BA9F}.Release|Any CPU.ActiveCfg = Release|Any CPU
		{9010A65B-61F3-4109-934D-97C1B5D7BA9F}.Release|Any CPU.Build.0 = Release|Any CPU
		{38169970-434C-478E-B69B-5A108CD50E06}.Debug|Any CPU.ActiveCfg = Debug|Any CPU
		{38169970-434C-478E-B69B-5A108CD50E06}.Debug|Any CPU.Build.0 = Debug|Any CPU
		{38169970-434C-478E-B69B-5A108CD50E06}.Release|Any CPU.ActiveCfg = Release|Any CPU
		{38169970-434C-478E-B69B-5A108CD50E06}.Release|Any CPU.Build.0 = Release|Any CPU
		{5A15CD47-A994-4923-871E-58380E1151A3}.Debug|Any CPU.ActiveCfg = Debug|Any CPU
		{5A15CD47-A994-4923-871E-58380E1151A3}.Debug|Any CPU.Build.0 = Debug|Any CPU
		{5A15CD47-A994-4923-871E-58380E1151A3}.Release|Any CPU.ActiveCfg = Release|Any CPU
		{5A15CD47-A994-4923-871E-58380E1151A3}.Release|Any CPU.Build.0 = Release|Any CPU
		{02E4476F-9748-44A5-AC54-086E063ACCC0}.Debug|Any CPU.ActiveCfg = Debug|Any CPU
		{02E4476F-9748-44A5-AC54-086E063ACCC0}.Debug|Any CPU.Build.0 = Debug|Any CPU
		{02E4476F-9748-44A5-AC54-086E063ACCC0}.Release|Any CPU.ActiveCfg = Release|Any CPU
		{02E4476F-9748-44A5-AC54-086E063ACCC0}.Release|Any CPU.Build.0 = Release|Any CPU
	EndGlobalSection
	GlobalSection(SolutionProperties) = preSolution
		HideSolutionNode = FALSE
	EndGlobalSection
	GlobalSection(NestedProjects) = preSolution
		{9EAD4296-5562-4024-B1A1-8DEE05BF5A47} = {A36A26D2-1F58-44C0-90CC-48D2682B508E}
		{F103676D-CC04-4F9A-A906-C016F3F8F4E2} = {A36A26D2-1F58-44C0-90CC-48D2682B508E}
		{B14BF664-7B83-436B-94B3-2824234776AF} = {A36A26D2-1F58-44C0-90CC-48D2682B508E}
		{38169970-434C-478E-B69B-5A108CD50E06} = {0E0CF768-E64F-42F3-81B9-0AD952022258}
		{5A15CD47-A994-4923-871E-58380E1151A3} = {40B364C6-76D8-49BA-AF7A-D23D5E60314D}
		{02E4476F-9748-44A5-AC54-086E063ACCC0} = {0E0CF768-E64F-42F3-81B9-0AD952022258}
	EndGlobalSection
	GlobalSection(ExtensibilityGlobals) = postSolution
		SolutionGuid = {B3CF71E3-9B99-490A-9DBE-47BE62482BFD}
	EndGlobalSection
EndGlobal
